
Microsoft Visual Studio Solution File, Format Version 12.00
# Visual Studio Version 16
VisualStudioVersion = 16.0.30011.22
MinimumVisualStudioVersion = 10.0.40219.1
Project("{8BC9CEB8-8B4A-11D0-8D11-00A0C91BC942}") = "OpenMP_EX", "OpenMP_EX\OpenMP_EX.vcxproj", "{85689F4B-42E8-43B6-A875-54BBC043C722}"
EndProject
Global
	GlobalSection(SolutionConfigurationPlatforms) = preSolution
		Debug|x64 = Debug|x64
		Debug|x86 = Debug|x86
		Release|x64 = Release|x64
		Release|x86 = Release|x86
	EndGlobalSection
	GlobalSection(ProjectConfigurationPlatforms) = postSolution
		{85689F4B-42E8-43B6-A875-54BBC043C722}.Debug|x64.ActiveCfg = Debug|x64
		{85689F4B-42E8-43B6-A875-54BBC043C722}.Debug|x64.Build.0 = Debug|x64
		{85689F4B-42E8-43B6-A875-54BBC043C722}.Debug|x86.ActiveCfg = Debug|Win32
		{85689F4B-42E8-43B6-A875-54BBC043C722}.Debug|x86.Build.0 = Debug|Win32
		{85689F4B-42E8-43B6-A875-54BBC043C722}.Release|x64.ActiveCfg = Release|x64
		{85689F4B-42E8-43B6-A875-54BBC043C722}.Release|x64.Build.0 = Release|x64
		{85689F4B-42E8-43B6-A875-54BBC043C722}.Release|x86.ActiveCfg = Release|Win32
		{85689F4B-42E8-43B6-A875-54BBC043C722}.Release|x86.Build.0 = Release|Win32
	EndGlobalSection
	GlobalSection(SolutionProperties) = preSolution
		HideSolutionNode = FALSE
	EndGlobalSection
	GlobalSection(ExtensibilityGlobals) = postSolution
		SolutionGuid = {2CF16A89-EFDB-4B1C-B211-71C89896AC43}
	EndGlobalSection
EndGlobal
